
Microsoft Visual Studio Solution File, Format Version 12.00
# Visual Studio Version 17
VisualStudioVersion = 17.6.33829.357
MinimumVisualStudioVersion = 10.0.40219.1
Project("{9A19103F-16F7-4668-BE54-9A1E7A4F7556}") = "Core.Persistance", "Core.Persistance\Core.Persistance.csproj", "{4D875A73-91E1-4903-9282-4D5437746779}"
EndProject
Project("{9A19103F-16F7-4668-BE54-9A1E7A4F7556}") = "Core.Application", "Core.Application\Core.Application.csproj", "{D6D62FA3-1912-4F84-AC76-744649088D66}"
EndProject
Project("{FAE04EC0-301F-11D3-BF4B-00C04F79EFBC}") = "Core.CrossCuttingConcerns", "Core.CrossCuttingConcerns\Core.CrossCuttingConcerns.csproj", "{FB879D3F-A9C8-425F-B9C0-8E4D9AC6A4E0}"
EndProject
Global
	GlobalSection(SolutionConfigurationPlatforms) = preSolution
		Debug|Any CPU = Debug|Any CPU
		Release|Any CPU = Release|Any CPU
	EndGlobalSection
	GlobalSection(ProjectConfigurationPlatforms) = postSolution
		{4D875A73-91E1-4903-9282-4D5437746779}.Debug|Any CPU.ActiveCfg = Debug|Any CPU
		{4D875A73-91E1-4903-9282-4D5437746779}.Debug|Any CPU.Build.0 = Debug|Any CPU
		{4D875A73-91E1-4903-9282-4D5437746779}.Release|Any CPU.ActiveCfg = Release|Any CPU
		{4D875A73-91E1-4903-9282-4D5437746779}.Release|Any CPU.Build.0 = Release|Any CPU
		{D6D62FA3-1912-4F84-AC76-744649088D66}.Debug|Any CPU.ActiveCfg = Debug|Any CPU
		{D6D62FA3-1912-4F84-AC76-744649088D66}.Debug|Any CPU.Build.0 = Debug|Any CPU
		{D6D62FA3-1912-4F84-AC76-744649088D66}.Release|Any CPU.ActiveCfg = Release|Any CPU
		{D6D62FA3-1912-4F84-AC76-744649088D66}.Release|Any CPU.Build.0 = Release|Any CPU
		{FB879D3F-A9C8-425F-B9C0-8E4D9AC6A4E0}.Debug|Any CPU.ActiveCfg = Debug|Any CPU
		{FB879D3F-A9C8-425F-B9C0-8E4D9AC6A4E0}.Debug|Any CPU.Build.0 = Debug|Any CPU
		{FB879D3F-A9C8-425F-B9C0-8E4D9AC6A4E0}.Release|Any CPU.ActiveCfg = Release|Any CPU
		{FB879D3F-A9C8-425F-B9C0-8E4D9AC6A4E0}.Release|Any CPU.Build.0 = Release|Any CPU
	EndGlobalSection
	GlobalSection(SolutionProperties) = preSolution
		HideSolutionNode = FALSE
	EndGlobalSection
	GlobalSection(ExtensibilityGlobals) = postSolution
		SolutionGuid = {65B20516-EB85-483E-8B15-0CF221A8F9E9}
	EndGlobalSection
EndGlobal
